// !$*UTF8*$!
{
	archiveVersion = 1;
	classes = {
	};
	objectVersion = 56;
	objects = {

/* Begin PBXBuildFile section */
		C011773D29783BCC003CDEF7 /* TodoModel.swift in Sources */ = {isa = PBXBuildFile; fileRef = C011773C29783BCC003CDEF7 /* TodoModel.swift */; };
		C011773F29783BFA003CDEF7 /* TodoViewModel.swift in Sources */ = {isa = PBXBuildFile; fileRef = C011773E29783BFA003CDEF7 /* TodoViewModel.swift */; };
		C05EFE432976BD4A008F1307 /* Master_PlannerApp.swift in Sources */ = {isa = PBXBuildFile; fileRef = C05EFE422976BD4A008F1307 /* Master_PlannerApp.swift */; };
		C05EFE452976BD4A008F1307 /* ContentView.swift in Sources */ = {isa = PBXBuildFile; fileRef = C05EFE442976BD4A008F1307 /* ContentView.swift */; };
		C05EFE472976BD4B008F1307 /* Assets.xcassets in Resources */ = {isa = PBXBuildFile; fileRef = C05EFE462976BD4B008F1307 /* Assets.xcassets */; };
		C05EFE4A2976BD4B008F1307 /* Preview Assets.xcassets in Resources */ = {isa = PBXBuildFile; fileRef = C05EFE492976BD4B008F1307 /* Preview Assets.xcassets */; };
/* End PBXBuildFile section */

/* Begin PBXFileReference section */
		C011773C29783BCC003CDEF7 /* TodoModel.swift */ = {isa = PBXFileReference; lastKnownFileType = sourcecode.swift; path = TodoModel.swift; sourceTree = "<group>"; };
		C011773E29783BFA003CDEF7 /* TodoViewModel.swift */ = {isa = PBXFileReference; lastKnownFileType = sourcecode.swift; path = TodoViewModel.swift; sourceTree = "<group>"; };
		C05EFE3F2976BD4A008F1307 /* Master Planner.app */ = {isa = PBXFileReference; explicitFileType = wrapper.application; includeInIndex = 0; path = "Master Planner.app"; sourceTree = BUILT_PRODUCTS_DIR; };
		C05EFE422976BD4A008F1307 /* Master_PlannerApp.swift */ = {isa = PBXFileReference; lastKnownFileType = sourcecode.swift; path = Master_PlannerApp.swift; sourceTree = "<group>"; };
		C05EFE442976BD4A008F1307 /* ContentView.swift */ = {isa = PBXFileReference; lastKnownFileType = sourcecode.swift; path = ContentView.swift; sourceTree = "<group>"; };
		C05EFE462976BD4B008F1307 /* Assets.xcassets */ = {isa = PBXFileReference; lastKnownFileType = folder.assetcatalog; path = Assets.xcassets; sourceTree = "<group>"; };
		C05EFE492976BD4B008F1307 /* Preview Assets.xcassets */ = {isa = PBXFileReference; lastKnownFileType = folder.assetcatalog; path = "Preview Assets.xcassets"; sourceTree = "<group>"; };
/* End PBXFileReference section */

/* Begin PBXFrameworksBuildPhase section */
		C05EFE3C2976BD4A008F1307 /* Frameworks */ = {
			isa = PBXFrameworksBuildPhase;
			buildActionMask = 2147483647;
			files = (
			);
			runOnlyForDeploymentPostprocessing = 0;
		};
/* End PBXFrameworksBuildPhase section */

/* Begin PBXGroup section */
		C011773929783BA9003CDEF7 /* Models */ = {
			isa = PBXGroup;
			children = (
				C011773C29783BCC003CDEF7 /* TodoModel.swift */,
			);
			path = Models;
			sourceTree = "<group>";
		};
		C011773A29783BB5003CDEF7 /* Views */ = {
			isa = PBXGroup;
			children = (
				C05EFE442976BD4A008F1307 /* ContentView.swift */,
			);
			path = Views;
			sourceTree = "<group>";
		};
		C011773B29783BBB003CDEF7 /* ViewModels */ = {
			isa = PBXGroup;
			children = (
				C011773E29783BFA003CDEF7 /* TodoViewModel.swift */,
			);
			path = ViewModels;
			sourceTree = "<group>";
		};
		C05EFE362976BD4A008F1307 = {
			isa = PBXGroup;
			children = (
				C05EFE412976BD4A008F1307 /* Master Planner */,
				C05EFE402976BD4A008F1307 /* Products */,
			);
			sourceTree = "<group>";
		};
		C05EFE402976BD4A008F1307 /* Products */ = {
			isa = PBXGroup;
			children = (
				C05EFE3F2976BD4A008F1307 /* Master Planner.app */,
			);
			name = Products;
			sourceTree = "<group>";
		};
		C05EFE412976BD4A008F1307 /* Master Planner */ = {
			isa = PBXGroup;
			children = (
				C011773B29783BBB003CDEF7 /* ViewModels */,
				C011773A29783BB5003CDEF7 /* Views */,
				C011773929783BA9003CDEF7 /* Models */,
				C05EFE422976BD4A008F1307 /* Master_PlannerApp.swift */,
				C05EFE462976BD4B008F1307 /* Assets.xcassets */,
				C05EFE482976BD4B008F1307 /* Preview Content */,
			);
			path = "Master Planner";
			sourceTree = "<group>";
		};
		C05EFE482976BD4B008F1307 /* Preview Content */ = {
			isa = PBXGroup;
			children = (
				C05EFE492976BD4B008F1307 /* Preview Assets.xcassets */,
			);
			path = "Preview Content";
			sourceTree = "<group>";
		};
/* End PBXGroup section */

/* Begin PBXNativeTarget section */
		C05EFE3E2976BD4A008F1307 /* Master Planner */ = {
			isa = PBXNativeTarget;
			buildConfigurationList = C05EFE4D2976BD4B008F1307 /* Build configuration list for PBXNativeTarget "Master Planner" */;
			buildPhases = (
				C05EFE3B2976BD4A008F1307 /* Sources */,
				C05EFE3C2976BD4A008F1307 /* Frameworks */,
				C05EFE3D2976BD4A008F1307 /* Resources */,
			);
			buildRules = (
			);
			dependencies = (
			);
			name = "Master Planner";
			productName = "Master Planner";
			productReference = C05EFE3F2976BD4A008F1307 /* Master Planner.app */;
			productType = "com.apple.product-type.application";
		};
/* End PBXNativeTarget section */

/* Begin PBXProject section */
		C05EFE372976BD4A008F1307 /* Project object */ = {
			isa = PBXProject;
			attributes = {
				BuildIndependentTargetsInParallel = 1;
				LastSwiftUpdateCheck = 1420;
				LastUpgradeCheck = 1420;
				TargetAttributes = {
					C05EFE3E2976BD4A008F1307 = {
						CreatedOnToolsVersion = 14.2;
					};
				};
			};
			buildConfigurationList = C05EFE3A2976BD4A008F1307 /* Build configuration list for PBXProject "Master Planner" */;
			compatibilityVersion = "Xcode 14.0";
			developmentRegion = en;
			hasScannedForEncodings = 0;
			knownRegions = (
				en,
				Base,
			);
			mainGroup = C05EFE362976BD4A008F1307;
			productRefGroup = C05EFE402976BD4A008F1307 /* Products */;
			projectDirPath = "";
			projectRoot = "";
			targets = (
				C05EFE3E2976BD4A008F1307 /* Master Planner */,
			);
		};
/* End PBXProject section */

/* Begin PBXResourcesBuildPhase section */
		C05EFE3D2976BD4A008F1307 /* Resources */ = {
			isa = PBXResourcesBuildPhase;
			buildActionMask = 2147483647;
			files = (
				C05EFE4A2976BD4B008F1307 /* Preview Assets.xcassets in Resources */,
				C05EFE472976BD4B008F1307 /* Assets.xcassets in Resources */,
			);
			runOnlyForDeploymentPostprocessing = 0;
		};
/* End PBXResourcesBuildPhase section */

/* Begin PBXSourcesBuildPhase section */
		C05EFE3B2976BD4A008F1307 /* Sources */ = {
			isa = PBXSourcesBuildPhase;
			buildActionMask = 2147483647;
			files = (
				C011773F29783BFA003CDEF7 /* TodoViewModel.swift in Sources */,
				C011773D29783BCC003CDEF7 /* TodoModel.swift in Sources */,
				C05EFE452976BD4A008F1307 /* ContentView.swift in Sources */,
				C05EFE432976BD4A008F1307 /* Master_PlannerApp.swift in Sources */,
			);
			runOnlyForDeploymentPostprocessing = 0;
		};
/* End PBXSourcesBuildPhase section */

/* Begin XCBuildConfiguration section */
		C05EFE4B2976BD4B008F1307 /* Debug */ = {
			isa = XCBuildConfiguration;
			buildSettings = {
				ALWAYS_SEARCH_USER_PATHS = NO;
				CLANG_ANALYZER_NONNULL = YES;
				CLANG_ANALYZER_NUMBER_OBJECT_CONVERSION = YES_AGGRESSIVE;
				CLANG_CXX_LANGUAGE_STANDARD = "gnu++20";
				CLANG_ENABLE_MODULES = YES;
				CLANG_ENABLE_OBJC_ARC = YES;
				CLANG_ENABLE_OBJC_WEAK = YES;
				CLANG_WARN_BLOCK_CAPTURE_AUTORELEASING = YES;
				CLANG_WARN_BOOL_CONVERSION = YES;
				CLANG_WARN_COMMA = YES;
				CLANG_WARN_CONSTANT_CONVERSION = YES;
				CLANG_WARN_DEPRECATED_OBJC_IMPLEMENTATIONS = YES;
				CLANG_WARN_DIRECT_OBJC_ISA_USAGE = YES_ERROR;
				CLANG_WARN_DOCUMENTATION_COMMENTS = YES;
				CLANG_WARN_EMPTY_BODY = YES;
				CLANG_WARN_ENUM_CONVERSION = YES;
				CLANG_WARN_INFINITE_RECURSION = YES;
				CLANG_WARN_INT_CONVERSION = YES;
				CLANG_WARN_NON_LITERAL_NULL_CONVERSION = YES;
				CLANG_WARN_OBJC_IMPLICIT_RETAIN_SELF = YES;
				CLANG_WARN_OBJC_LITERAL_CONVERSION = YES;
				CLANG_WARN_OBJC_ROOT_CLASS = YES_ERROR;
				CLANG_WARN_QUOTED_INCLUDE_IN_FRAMEWORK_HEADER = YES;
				CLANG_WARN_RANGE_LOOP_ANALYSIS = YES;
				CLANG_WARN_STRICT_PROTOTYPES = YES;
				CLANG_WARN_SUSPICIOUS_MOVE = YES;
				CLANG_WARN_UNGUARDED_AVAILABILITY = YES_AGGRESSIVE;
				CLANG_WARN_UNREACHABLE_CODE = YES;
				CLANG_WARN__DUPLICATE_METHOD_MATCH = YES;
				COPY_PHASE_STRIP = NO;
				DEBUG_INFORMATION_FORMAT = dwarf;
				ENABLE_STRICT_OBJC_MSGSEND = YES;
				ENABLE_TESTABILITY = YES;
				GCC_C_LANGUAGE_STANDARD = gnu11;
				GCC_DYNAMIC_NO_PIC = NO;
				GCC_NO_COMMON_BLOCKS = YES;
				GCC_OPTIMIZATION_LEVEL = 0;
				GCC_PREPROCESSOR_DEFINITIONS = (
					"DEBUG=1",
					"$(inherited)",
				);
				GCC_WARN_64_TO_32_BIT_CONVERSION = YES;
				GCC_WARN_ABOUT_RETURN_TYPE = YES_ERROR;
				GCC_WARN_UNDECLARED_SELECTOR = YES;
				GCC_WARN_UNINITIALIZED_AUTOS = YES_AGGRESSIVE;
				GCC_WARN_UNUSED_FUNCTION = YES;
				GCC_WARN_UNUSED_VARIABLE = YES;
				IPHONEOS_DEPLOYMENT_TARGET = 16.2;
				MTL_ENABLE_DEBUG_INFO = INCLUDE_SOURCE;
				MTL_FAST_MATH = YES;
				ONLY_ACTIVE_ARCH = YES;
				SDKROOT = iphoneos;
				SWIFT_ACTIVE_COMPILATION_CONDITIONS = DEBUG;
				SWIFT_OPTIMIZATION_LEVEL = "-Onone";
			};
			name = Debug;
		};
		C05EFE4C2976BD4B008F1307 /* Release */ = {
			isa = XCBuildConfiguration;
			buildSettings = {
				ALWAYS_SEARCH_USER_PATHS = NO;
				CLANG_ANALYZER_NONNULL = YES;
				CLANG_ANALYZER_NUMBER_OBJECT_CONVERSION = YES_AGGRESSIVE;
				CLANG_CXX_LANGUAGE_STANDARD = "gnu++20";
				CLANG_ENABLE_MODULES = YES;
				CLANG_ENABLE_OBJC_ARC = YES;
				CLANG_ENABLE_OBJC_WEAK = YES;
				CLANG_WARN_BLOCK_CAPTURE_AUTORELEASING = YES;
				CLANG_WARN_BOOL_CONVERSION = YES;
				CLANG_WARN_COMMA = YES;
				CLANG_WARN_CONSTANT_CONVERSION = YES;
				CLANG_WARN_DEPRECATED_OBJC_IMPLEMENTATIONS = YES;
				CLANG_WARN_DIRECT_OBJC_ISA_USAGE = YES_ERROR;
				CLANG_WARN_DOCUMENTATION_COMMENTS = YES;
				CLANG_WARN_EMPTY_BODY = YES;
				CLANG_WARN_ENUM_CONVERSION = YES;
				CLANG_WARN_INFINITE_RECURSION = YES;
				CLANG_WARN_INT_CONVERSION = YES;
				CLANG_WARN_NON_LITERAL_NULL_CONVERSION = YES;
				CLANG_WARN_OBJC_IMPLICIT_RETAIN_SELF = YES;
				CLANG_WARN_OBJC_LITERAL_CONVERSION = YES;
				CLANG_WARN_OBJC_ROOT_CLASS = YES_ERROR;
				CLANG_WARN_QUOTED_INCLUDE_IN_FRAMEWORK_HEADER = YES;
				CLANG_WARN_RANGE_LOOP_ANALYSIS = YES;
				CLANG_WARN_STRICT_PROTOTYPES = YES;
				CLANG_WARN_SUSPICIOUS_MOVE = YES;
				CLANG_WARN_UNGUARDED_AVAILABILITY = YES_AGGRESSIVE;
				CLANG_WARN_UNREACHABLE_CODE = YES;
				CLANG_WARN__DUPLICATE_METHOD_MATCH = YES;
				COPY_PHASE_STRIP = NO;
				DEBUG_INFORMATION_FORMAT = "dwarf-with-dsym";
				ENABLE_NS_ASSERTIONS = NO;
				ENABLE_STRICT_OBJC_MSGSEND = YES;
				GCC_C_LANGUAGE_STANDARD = gnu11;
				GCC_NO_COMMON_BLOCKS = YES;
				GCC_WARN_64_TO_32_BIT_CONVERSION = YES;
				GCC_WARN_ABOUT_RETURN_TYPE = YES_ERROR;
				GCC_WARN_UNDECLARED_SELECTOR = YES;
				GCC_WARN_UNINITIALIZED_AUTOS = YES_AGGRESSIVE;
				GCC_WARN_UNUSED_FUNCTION = YES;
				GCC_WARN_UNUSED_VARIABLE = YES;
				IPHONEOS_DEPLOYMENT_TARGET = 16.2;
				MTL_ENABLE_DEBUG_INFO = NO;
				MTL_FAST_MATH = YES;
				SDKROOT = iphoneos;
				SWIFT_COMPILATION_MODE = wholemodule;
				SWIFT_OPTIMIZATION_LEVEL = "-O";
				VALIDATE_PRODUCT = YES;
			};
			name = Release;
		};
		C05EFE4E2976BD4B008F1307 /* Debug */ = {
			isa = XCBuildConfiguration;
			buildSettings = {
				ASSETCATALOG_COMPILER_APPICON_NAME = AppIcon;
				ASSETCATALOG_COMPILER_GLOBAL_ACCENT_COLOR_NAME = AccentColor;
				CODE_SIGN_STYLE = Automatic;
				CURRENT_PROJECT_VERSION = 1;
				DEVELOPMENT_ASSET_PATHS = "\"Master Planner/Preview Content\"";
				DEVELOPMENT_TEAM = 3SJPB5MHR5;
				ENABLE_PREVIEWS = YES;
				GENERATE_INFOPLIST_FILE = YES;
				INFOPLIST_KEY_UIApplicationSceneManifest_Generation = YES;
				INFOPLIST_KEY_UIApplicationSupportsIndirectInputEvents = YES;
				INFOPLIST_KEY_UILaunchScreen_Generation = YES;
				INFOPLIST_KEY_UISupportedInterfaceOrientations_iPad = "UIInterfaceOrientationPortrait UIInterfaceOrientationPortraitUpsideDown UIInterfaceOrientationLandscapeLeft UIInterfaceOrientationLandscapeRight";
				INFOPLIST_KEY_UISupportedInterfaceOrientations_iPhone = "UIInterfaceOrientationPortrait UIInterfaceOrientationLandscapeLeft UIInterfaceOrientationLandscapeRight";
				IPHONEOS_DEPLOYMENT_TARGET = 16.0;
				LD_RUNPATH_SEARCH_PATHS = (
					"$(inherited)",
					"@executable_path/Frameworks",
				);
				MARKETING_VERSION = 1.0;
				PRODUCT_BUNDLE_IDENTIFIER = "com.Domenico-Cafarelli.Master-Planner";
				PRODUCT_NAME = "$(TARGET_NAME)";
				SWIFT_EMIT_LOC_STRINGS = YES;
				SWIFT_VERSION = 5.0;
				TARGETED_DEVICE_FAMILY = "1,2";
			};
			name = Debug;
		};
		C05EFE4F2976BD4B008F1307 /* Release */ = {
			isa = XCBuildConfiguration;
			buildSettings = {
				ASSETCATALOG_COMPILER_APPICON_NAME = AppIcon;
				ASSETCATALOG_COMPILER_GLOBAL_ACCENT_COLOR_NAME = AccentColor;
				CODE_SIGN_STYLE = Automatic;
				CURRENT_PROJECT_VERSION = 1;
				DEVELOPMENT_ASSET_PATHS = "\"Master Planner/Preview Content\"";
				DEVELOPMENT_TEAM = 3SJPB5MHR5;
				ENABLE_PREVIEWS = YES;
				GENERATE_INFOPLIST_FILE = YES;
				INFOPLIST_KEY_UIApplicationSceneManifest_Generation = YES;
				INFOPLIST_KEY_UIApplicationSupportsIndirectInputEvents = YES;
				INFOPLIST_KEY_UILaunchScreen_Generation = YES;
				INFOPLIST_KEY_UISupportedInterfaceOrientations_iPad = "UIInterfaceOrientationPortrait UIInterfaceOrientationPortraitUpsideDown UIInterfaceOrientationLandscapeLeft UIInterfaceOrientationLandscapeRight";
				INFOPLIST_KEY_UISupportedInterfaceOrientations_iPhone = "UIInterfaceOrientationPortrait UIInterfaceOrientationLandscapeLeft UIInterfaceOrientationLandscapeRight";
				IPHONEOS_DEPLOYMENT_TARGET = 16.0;
				LD_RUNPATH_SEARCH_PATHS = (
					"$(inherited)",
					"@executable_path/Frameworks",
				);
				MARKETING_VERSION = 1.0;
				PRODUCT_BUNDLE_IDENTIFIER = "com.Domenico-Cafarelli.Master-Planner";
				PRODUCT_NAME = "$(TARGET_NAME)";
				SWIFT_EMIT_LOC_STRINGS = YES;
				SWIFT_VERSION = 5.0;
				TARGETED_DEVICE_FAMILY = "1,2";
			};
			name = Release;
		};
/* End XCBuildConfiguration section */

/* Begin XCConfigurationList section */
		C05EFE3A2976BD4A008F1307 /* Build configuration list for PBXProject "Master Planner" */ = {
			isa = XCConfigurationList;
			buildConfigurations = (
				C05EFE4B2976BD4B008F1307 /* Debug */,
				C05EFE4C2976BD4B008F1307 /* Release */,
			);
			defaultConfigurationIsVisible = 0;
			defaultConfigurationName = Release;
		};
		C05EFE4D2976BD4B008F1307 /* Build configuration list for PBXNativeTarget "Master Planner" */ = {
			isa = XCConfigurationList;
			buildConfigurations = (
				C05EFE4E2976BD4B008F1307 /* Debug */,
				C05EFE4F2976BD4B008F1307 /* Release */,
			);
			defaultConfigurationIsVisible = 0;
			defaultConfigurationName = Release;
		};
/* End XCConfigurationList section */
	};
	rootObject = C05EFE372976BD4A008F1307 /* Project object */;
}
